
Microsoft Visual Studio Solution File, Format Version 12.00
# Visual Studio Version 16
VisualStudioVersion = 16.0.30114.105
MinimumVisualStudioVersion = 10.0.40219.1
Project("{2150E333-8FDC-42A3-9474-1A3956D46DE8}") = "Subscriber", "Subscriber", "{B082642A-09CC-4DFC-9B29-1EA21FC3E99A}"
EndProject
Project("{2150E333-8FDC-42A3-9474-1A3956D46DE8}") = "Shared", "Shared", "{FDEEFC35-8A23-4ADE-90C1-CC3DF27A76EF}"
EndProject
Project("{2150E333-8FDC-42A3-9474-1A3956D46DE8}") = "Measure", "Measure", "{F20BD154-F86A-4008-9552-C971BD5544A6}"
EndProject
Project("{9A19103F-16F7-4668-BE54-9A1E7A4F7556}") = "Subscriber.Services", "Subscriber.Services\Subscriber.Services.csproj", "{EE729844-614E-4242-A786-43CD87A1AA6C}"
EndProject
Project("{9A19103F-16F7-4668-BE54-9A1E7A4F7556}") = "Subscriber.Data", "Subscriber.Data\Subscriber.Data.csproj", "{7A725FD1-2984-497C-9F6F-9CF97439793C}"
EndProject
Project("{9A19103F-16F7-4668-BE54-9A1E7A4F7556}") = "Subscriber.WebApi", "Subscriber.WebApi\Subscriber.WebApi.csproj", "{DA03D40F-7B1B-4DE4-A38C-76EA18E6E44C}"
EndProject
Project("{9A19103F-16F7-4668-BE54-9A1E7A4F7556}") = "Messages", "Messages\Messages.csproj", "{24AE8CE9-070A-4895-8D09-BC77642C75D4}"
EndProject
Project("{9A19103F-16F7-4668-BE54-9A1E7A4F7556}") = "Measure.Services", "Measure.Services\Measure.Services.csproj", "{300253AF-E4BD-4A68-A529-04A6C7F53E66}"
EndProject
Project("{9A19103F-16F7-4668-BE54-9A1E7A4F7556}") = "Measure.Data", "Measure.Data\Measure.Data.csproj", "{E2A8DFBF-D678-4B90-B233-5E0F5EECE2B1}"
EndProject
Project("{9A19103F-16F7-4668-BE54-9A1E7A4F7556}") = "Measure.WebApi", "Measure.WebApi\Measure.WebApi.csproj", "{259E9ABB-7E21-44C7-B3D3-6E1AEE831AA8}"
EndProject
Project("{9A19103F-16F7-4668-BE54-9A1E7A4F7556}") = "Subscriber.Messaging", "Subscriber.Messaging\Subscriber.Messaging.csproj", "{0A61AFD6-FEF7-47E2-937D-2C2E48293C2E}"
EndProject
Project("{9A19103F-16F7-4668-BE54-9A1E7A4F7556}") = "Measure.Messaging", "Measure.Messaging\Measure.Messaging.csproj", "{B5345256-3380-46BA-94E7-4895BBFD9DB7}"
EndProject
Project("{2150E333-8FDC-42A3-9474-1A3956D46DE8}") = "Tracking", "Tracking", "{A7773CEF-CF92-4280-8687-4FE623D4AC13}"
EndProject
Project("{9A19103F-16F7-4668-BE54-9A1E7A4F7556}") = "Tracking.Services", "Tracking.Services\Tracking.Services.csproj", "{7602D303-66BA-437D-9701-379743F78A70}"
EndProject
Project("{9A19103F-16F7-4668-BE54-9A1E7A4F7556}") = "Tracking.Data", "Tracking.Data\Tracking.Data.csproj", "{86630EAD-4697-4471-9142-14AB2D470A75}"
EndProject
Project("{9A19103F-16F7-4668-BE54-9A1E7A4F7556}") = "Tracking.WebApi", "Tracking.WebApi\Tracking.WebApi.csproj", "{2B96020E-8CD5-45E0-A260-6BAFFE43EF67}"
EndProject
Project("{9A19103F-16F7-4668-BE54-9A1E7A4F7556}") = "Tracking.Messaging", "Tracking.Messaging\Tracking.Messaging.csproj", "{2E293FD6-B723-4D85-8785-C85A09802151}"
EndProject
Project("{FAE04EC0-301F-11D3-BF4B-00C04F79EFBC}") = "Measure.Tests", "Measure.Tests\Measure.Tests.csproj", "{528B980D-B38D-4FA5-AE7E-B62779935EA6}"
EndProject
Project("{FAE04EC0-301F-11D3-BF4B-00C04F79EFBC}") = "Subscriber.Tests", "Subscriber.Tests\Subscriber.Tests.csproj", "{1B013802-D7CB-49FE-B5B9-B7EC3A35D75E}"
EndProject
Global
	GlobalSection(SolutionConfigurationPlatforms) = preSolution
		Debug|Any CPU = Debug|Any CPU
		Release|Any CPU = Release|Any CPU
	EndGlobalSection
	GlobalSection(ProjectConfigurationPlatforms) = postSolution
		{EE729844-614E-4242-A786-43CD87A1AA6C}.Debug|Any CPU.ActiveCfg = Debug|Any CPU
		{EE729844-614E-4242-A786-43CD87A1AA6C}.Debug|Any CPU.Build.0 = Debug|Any CPU
		{EE729844-614E-4242-A786-43CD87A1AA6C}.Release|Any CPU.ActiveCfg = Release|Any CPU
		{EE729844-614E-4242-A786-43CD87A1AA6C}.Release|Any CPU.Build.0 = Release|Any CPU
		{7A725FD1-2984-497C-9F6F-9CF97439793C}.Debug|Any CPU.ActiveCfg = Debug|Any CPU
		{7A725FD1-2984-497C-9F6F-9CF97439793C}.Debug|Any CPU.Build.0 = Debug|Any CPU
		{7A725FD1-2984-497C-9F6F-9CF97439793C}.Release|Any CPU.ActiveCfg = Release|Any CPU
		{7A725FD1-2984-497C-9F6F-9CF97439793C}.Release|Any CPU.Build.0 = Release|Any CPU
		{DA03D40F-7B1B-4DE4-A38C-76EA18E6E44C}.Debug|Any CPU.ActiveCfg = Debug|Any CPU
		{DA03D40F-7B1B-4DE4-A38C-76EA18E6E44C}.Debug|Any CPU.Build.0 = Debug|Any CPU
		{DA03D40F-7B1B-4DE4-A38C-76EA18E6E44C}.Release|Any CPU.ActiveCfg = Release|Any CPU
		{DA03D40F-7B1B-4DE4-A38C-76EA18E6E44C}.Release|Any CPU.Build.0 = Release|Any CPU
		{24AE8CE9-070A-4895-8D09-BC77642C75D4}.Debug|Any CPU.ActiveCfg = Debug|Any CPU
		{24AE8CE9-070A-4895-8D09-BC77642C75D4}.Debug|Any CPU.Build.0 = Debug|Any CPU
		{24AE8CE9-070A-4895-8D09-BC77642C75D4}.Release|Any CPU.ActiveCfg = Release|Any CPU
		{24AE8CE9-070A-4895-8D09-BC77642C75D4}.Release|Any CPU.Build.0 = Release|Any CPU
		{300253AF-E4BD-4A68-A529-04A6C7F53E66}.Debug|Any CPU.ActiveCfg = Debug|Any CPU
		{300253AF-E4BD-4A68-A529-04A6C7F53E66}.Debug|Any CPU.Build.0 = Debug|Any CPU
		{300253AF-E4BD-4A68-A529-04A6C7F53E66}.Release|Any CPU.ActiveCfg = Release|Any CPU
		{300253AF-E4BD-4A68-A529-04A6C7F53E66}.Release|Any CPU.Build.0 = Release|Any CPU
		{E2A8DFBF-D678-4B90-B233-5E0F5EECE2B1}.Debug|Any CPU.ActiveCfg = Debug|Any CPU
		{E2A8DFBF-D678-4B90-B233-5E0F5EECE2B1}.Debug|Any CPU.Build.0 = Debug|Any CPU
		{E2A8DFBF-D678-4B90-B233-5E0F5EECE2B1}.Release|Any CPU.ActiveCfg = Release|Any CPU
		{E2A8DFBF-D678-4B90-B233-5E0F5EECE2B1}.Release|Any CPU.Build.0 = Release|Any CPU
		{259E9ABB-7E21-44C7-B3D3-6E1AEE831AA8}.Debug|Any CPU.ActiveCfg = Debug|Any CPU
		{259E9ABB-7E21-44C7-B3D3-6E1AEE831AA8}.Debug|Any CPU.Build.0 = Debug|Any CPU
		{259E9ABB-7E21-44C7-B3D3-6E1AEE831AA8}.Release|Any CPU.ActiveCfg = Release|Any CPU
		{259E9ABB-7E21-44C7-B3D3-6E1AEE831AA8}.Release|Any CPU.Build.0 = Release|Any CPU
		{0A61AFD6-FEF7-47E2-937D-2C2E48293C2E}.Debug|Any CPU.ActiveCfg = Debug|Any CPU
		{0A61AFD6-FEF7-47E2-937D-2C2E48293C2E}.Debug|Any CPU.Build.0 = Debug|Any CPU
		{0A61AFD6-FEF7-47E2-937D-2C2E48293C2E}.Release|Any CPU.ActiveCfg = Release|Any CPU
		{0A61AFD6-FEF7-47E2-937D-2C2E48293C2E}.Release|Any CPU.Build.0 = Release|Any CPU
		{B5345256-3380-46BA-94E7-4895BBFD9DB7}.Debug|Any CPU.ActiveCfg = Debug|Any CPU
		{B5345256-3380-46BA-94E7-4895BBFD9DB7}.Debug|Any CPU.Build.0 = Debug|Any CPU
		{B5345256-3380-46BA-94E7-4895BBFD9DB7}.Release|Any CPU.ActiveCfg = Release|Any CPU
		{B5345256-3380-46BA-94E7-4895BBFD9DB7}.Release|Any CPU.Build.0 = Release|Any CPU
		{7602D303-66BA-437D-9701-379743F78A70}.Debug|Any CPU.ActiveCfg = Debug|Any CPU
		{7602D303-66BA-437D-9701-379743F78A70}.Debug|Any CPU.Build.0 = Debug|Any CPU
		{7602D303-66BA-437D-9701-379743F78A70}.Release|Any CPU.ActiveCfg = Release|Any CPU
		{7602D303-66BA-437D-9701-379743F78A70}.Release|Any CPU.Build.0 = Release|Any CPU
		{86630EAD-4697-4471-9142-14AB2D470A75}.Debug|Any CPU.ActiveCfg = Debug|Any CPU
		{86630EAD-4697-4471-9142-14AB2D470A75}.Debug|Any CPU.Build.0 = Debug|Any CPU
		{86630EAD-4697-4471-9142-14AB2D470A75}.Release|Any CPU.ActiveCfg = Release|Any CPU
		{86630EAD-4697-4471-9142-14AB2D470A75}.Release|Any CPU.Build.0 = Release|Any CPU
		{2B96020E-8CD5-45E0-A260-6BAFFE43EF67}.Debug|Any CPU.ActiveCfg = Debug|Any CPU
		{2B96020E-8CD5-45E0-A260-6BAFFE43EF67}.Debug|Any CPU.Build.0 = Debug|Any CPU
		{2B96020E-8CD5-45E0-A260-6BAFFE43EF67}.Release|Any CPU.ActiveCfg = Release|Any CPU
		{2B96020E-8CD5-45E0-A260-6BAFFE43EF67}.Release|Any CPU.Build.0 = Release|Any CPU
		{2E293FD6-B723-4D85-8785-C85A09802151}.Debug|Any CPU.ActiveCfg = Debug|Any CPU
		{2E293FD6-B723-4D85-8785-C85A09802151}.Debug|Any CPU.Build.0 = Debug|Any CPU
		{2E293FD6-B723-4D85-8785-C85A09802151}.Release|Any CPU.ActiveCfg = Release|Any CPU
		{2E293FD6-B723-4D85-8785-C85A09802151}.Release|Any CPU.Build.0 = Release|Any CPU
		{528B980D-B38D-4FA5-AE7E-B62779935EA6}.Debug|Any CPU.ActiveCfg = Debug|Any CPU
		{528B980D-B38D-4FA5-AE7E-B62779935EA6}.Debug|Any CPU.Build.0 = Debug|Any CPU
		{528B980D-B38D-4FA5-AE7E-B62779935EA6}.Release|Any CPU.ActiveCfg = Release|Any CPU
		{528B980D-B38D-4FA5-AE7E-B62779935EA6}.Release|Any CPU.Build.0 = Release|Any CPU
		{1B013802-D7CB-49FE-B5B9-B7EC3A35D75E}.Debug|Any CPU.ActiveCfg = Debug|Any CPU
		{1B013802-D7CB-49FE-B5B9-B7EC3A35D75E}.Debug|Any CPU.Build.0 = Debug|Any CPU
		{1B013802-D7CB-49FE-B5B9-B7EC3A35D75E}.Release|Any CPU.ActiveCfg = Release|Any CPU
		{1B013802-D7CB-49FE-B5B9-B7EC3A35D75E}.Release|Any CPU.Build.0 = Release|Any CPU
	EndGlobalSection
	GlobalSection(SolutionProperties) = preSolution
		HideSolutionNode = FALSE
	EndGlobalSection
	GlobalSection(NestedProjects) = preSolution
		{EE729844-614E-4242-A786-43CD87A1AA6C} = {B082642A-09CC-4DFC-9B29-1EA21FC3E99A}
		{7A725FD1-2984-497C-9F6F-9CF97439793C} = {B082642A-09CC-4DFC-9B29-1EA21FC3E99A}
		{DA03D40F-7B1B-4DE4-A38C-76EA18E6E44C} = {B082642A-09CC-4DFC-9B29-1EA21FC3E99A}
		{24AE8CE9-070A-4895-8D09-BC77642C75D4} = {FDEEFC35-8A23-4ADE-90C1-CC3DF27A76EF}
		{300253AF-E4BD-4A68-A529-04A6C7F53E66} = {F20BD154-F86A-4008-9552-C971BD5544A6}
		{E2A8DFBF-D678-4B90-B233-5E0F5EECE2B1} = {F20BD154-F86A-4008-9552-C971BD5544A6}
		{259E9ABB-7E21-44C7-B3D3-6E1AEE831AA8} = {F20BD154-F86A-4008-9552-C971BD5544A6}
		{0A61AFD6-FEF7-47E2-937D-2C2E48293C2E} = {B082642A-09CC-4DFC-9B29-1EA21FC3E99A}
		{B5345256-3380-46BA-94E7-4895BBFD9DB7} = {F20BD154-F86A-4008-9552-C971BD5544A6}
		{7602D303-66BA-437D-9701-379743F78A70} = {A7773CEF-CF92-4280-8687-4FE623D4AC13}
		{86630EAD-4697-4471-9142-14AB2D470A75} = {A7773CEF-CF92-4280-8687-4FE623D4AC13}
		{2B96020E-8CD5-45E0-A260-6BAFFE43EF67} = {A7773CEF-CF92-4280-8687-4FE623D4AC13}
		{2E293FD6-B723-4D85-8785-C85A09802151} = {A7773CEF-CF92-4280-8687-4FE623D4AC13}
		{528B980D-B38D-4FA5-AE7E-B62779935EA6} = {F20BD154-F86A-4008-9552-C971BD5544A6}
		{1B013802-D7CB-49FE-B5B9-B7EC3A35D75E} = {B082642A-09CC-4DFC-9B29-1EA21FC3E99A}
	EndGlobalSection
	GlobalSection(ExtensibilityGlobals) = postSolution
		SolutionGuid = {C698E2BE-2055-4F53-8CC9-AC2995154011}
	EndGlobalSection
EndGlobal
